
Microsoft Visual Studio Solution File, Format Version 12.00
# Visual Studio Version 16
VisualStudioVersion = 16.0.29215.179
MinimumVisualStudioVersion = 10.0.40219.1
Project("{FAE04EC0-301F-11D3-BF4B-00C04F79EFBC}") = "Lagse.Model", "Lagse.Model\Lagse.Model.csproj", "{8F4E6E98-B4C3-41ED-A8D9-DCA6F03CFD3B}"
EndProject
Project("{FAE04EC0-301F-11D3-BF4B-00C04F79EFBC}") = "Lagse.Core", "Lagse.Core\Lagse.Core.csproj", "{32B01966-8442-4840-A6D7-DFC755DBA3C8}"
EndProject
Project("{FAE04EC0-301F-11D3-BF4B-00C04F79EFBC}") = "Lagse.Data", "Lagse.Data\Lagse.Data.csproj", "{BAA23CE7-B2CF-4AFB-B0B5-0003BFBA07F1}"
EndProject
Project("{FAE04EC0-301F-11D3-BF4B-00C04F79EFBC}") = "Lagse.Service", "Lagse.Service\Lagse.Service.csproj", "{F10AA126-9896-4D46-9554-B1591DE0777A}"
EndProject
Project("{FAE04EC0-301F-11D3-BF4B-00C04F79EFBC}") = "Lagse.WebApi", "Lagse.WebApi\Lagse.WebApi.csproj", "{3E48A1D8-CE2E-4C47-9FD5-237802AE8904}"
EndProject
Global
	GlobalSection(SolutionConfigurationPlatforms) = preSolution
		Debug|Any CPU = Debug|Any CPU
		Release|Any CPU = Release|Any CPU
	EndGlobalSection
	GlobalSection(ProjectConfigurationPlatforms) = postSolution
		{8F4E6E98-B4C3-41ED-A8D9-DCA6F03CFD3B}.Debug|Any CPU.ActiveCfg = Debug|Any CPU
		{8F4E6E98-B4C3-41ED-A8D9-DCA6F03CFD3B}.Debug|Any CPU.Build.0 = Debug|Any CPU
		{8F4E6E98-B4C3-41ED-A8D9-DCA6F03CFD3B}.Release|Any CPU.ActiveCfg = Release|Any CPU
		{8F4E6E98-B4C3-41ED-A8D9-DCA6F03CFD3B}.Release|Any CPU.Build.0 = Release|Any CPU
		{32B01966-8442-4840-A6D7-DFC755DBA3C8}.Debug|Any CPU.ActiveCfg = Debug|Any CPU
		{32B01966-8442-4840-A6D7-DFC755DBA3C8}.Debug|Any CPU.Build.0 = Debug|Any CPU
		{32B01966-8442-4840-A6D7-DFC755DBA3C8}.Release|Any CPU.ActiveCfg = Release|Any CPU
		{32B01966-8442-4840-A6D7-DFC755DBA3C8}.Release|Any CPU.Build.0 = Release|Any CPU
		{BAA23CE7-B2CF-4AFB-B0B5-0003BFBA07F1}.Debug|Any CPU.ActiveCfg = Debug|Any CPU
		{BAA23CE7-B2CF-4AFB-B0B5-0003BFBA07F1}.Debug|Any CPU.Build.0 = Debug|Any CPU
		{BAA23CE7-B2CF-4AFB-B0B5-0003BFBA07F1}.Release|Any CPU.ActiveCfg = Release|Any CPU
		{BAA23CE7-B2CF-4AFB-B0B5-0003BFBA07F1}.Release|Any CPU.Build.0 = Release|Any CPU
		{F10AA126-9896-4D46-9554-B1591DE0777A}.Debug|Any CPU.ActiveCfg = Debug|Any CPU
		{F10AA126-9896-4D46-9554-B1591DE0777A}.Debug|Any CPU.Build.0 = Debug|Any CPU
		{F10AA126-9896-4D46-9554-B1591DE0777A}.Release|Any CPU.ActiveCfg = Release|Any CPU
		{F10AA126-9896-4D46-9554-B1591DE0777A}.Release|Any CPU.Build.0 = Release|Any CPU
		{3E48A1D8-CE2E-4C47-9FD5-237802AE8904}.Debug|Any CPU.ActiveCfg = Debug|Any CPU
		{3E48A1D8-CE2E-4C47-9FD5-237802AE8904}.Debug|Any CPU.Build.0 = Debug|Any CPU
		{3E48A1D8-CE2E-4C47-9FD5-237802AE8904}.Release|Any CPU.ActiveCfg = Release|Any CPU
		{3E48A1D8-CE2E-4C47-9FD5-237802AE8904}.Release|Any CPU.Build.0 = Release|Any CPU
	EndGlobalSection
	GlobalSection(SolutionProperties) = preSolution
		HideSolutionNode = FALSE
	EndGlobalSection
	GlobalSection(ExtensibilityGlobals) = postSolution
		SolutionGuid = {3FA73ACA-212D-463F-AA78-BCE680DDB8E6}
	EndGlobalSection
EndGlobal
